
Microsoft Visual Studio Solution File, Format Version 12.00
# Visual Studio 15
VisualStudioVersion = 15.0.27703.2047
MinimumVisualStudioVersion = 10.0.40219.1
Project("{F184B08F-C81C-45F6-A57F-5ABD9991F28F}") = "NET Assembly Info ShellEx", "NET Assembly Info ShellEx\NET Assembly Info ShellEx.vbproj", "{AD1504A5-F8CA-45B9-908C-917B67C44B66}"
EndProject
Global
	GlobalSection(SolutionConfigurationPlatforms) = preSolution
		Debug|Any CPU = Debug|Any CPU
		Release|Any CPU = Release|Any CPU
	EndGlobalSection
	GlobalSection(ProjectConfigurationPlatforms) = postSolution
		{AD1504A5-F8CA-45B9-908C-917B67C44B66}.Debug|Any CPU.ActiveCfg = Debug|Any CPU
		{AD1504A5-F8CA-45B9-908C-917B67C44B66}.Debug|Any CPU.Build.0 = Debug|Any CPU
		{AD1504A5-F8CA-45B9-908C-917B67C44B66}.Release|Any CPU.ActiveCfg = Release|Any CPU
		{AD1504A5-F8CA-45B9-908C-917B67C44B66}.Release|Any CPU.Build.0 = Release|Any CPU
	EndGlobalSection
	GlobalSection(SolutionProperties) = preSolution
		HideSolutionNode = FALSE
	EndGlobalSection
	GlobalSection(ExtensibilityGlobals) = postSolution
		SolutionGuid = {FF158981-915D-4535-9C4C-2A23553CA220}
	EndGlobalSection
EndGlobal
